{
  "name": "automationexercise",
  "version": "1.0.0",
  "lockfileVersion": 3,
  "requires": true,
  "packages": {
    "": {
      "name": "automationexercise",
      "version": "1.0.0",
      "license": "ISC",
      "dependencies": {
        "dotenv": "^16.4.5",
        "lodash": "^4.17.21",
        "uuid": "^11.0.2"
      },
      "devDependencies": {
        "@playwright/test": "^1.48.2",
        "@types/lodash": "^4.17.13",
        "@types/node": "^22.8.1",
        "@types/uuid": "^10.0.0"
      }
    },
    "node_modules/@playwright/test": {
      "version": "1.48.2",
      "resolved": "https://registry.npmjs.org/@playwright/test/-/test-1.48.2.tgz",
      "integrity": "sha512-54w1xCWfXuax7dz4W2M9uw0gDyh+ti/0K/MxcCUxChFh37kkdxPdfZDw5QBbuPUJHr1CiHJ1hXgSs+GgeQc5Zw==",
      "dev": true,
      "dependencies": {
        "playwright": "1.48.2"
      },
      "bin": {
        "playwright": "cli.js"
      },
      "engines": {
        "node": ">=18"
      }
    },
    "node_modules/@types/lodash": {
      "version": "4.17.13",
      "resolved": "https://registry.npmjs.org/@types/lodash/-/lodash-4.17.13.tgz",
      "integrity": "sha512-lfx+dftrEZcdBPczf9d0Qv0x+j/rfNCMuC6OcfXmO8gkfeNAY88PgKUbvG56whcN23gc27yenwF6oJZXGFpYxg==",
      "dev": true
    },
    "node_modules/@types/node": {
      "version": "22.8.1",
      "resolved": "https://registry.npmjs.org/@types/node/-/node-22.8.1.tgz",
      "integrity": "sha512-k6Gi8Yyo8EtrNtkHXutUu2corfDf9su95VYVP10aGYMMROM6SAItZi0w1XszA6RtWTHSVp5OeFof37w0IEqCQg==",
      "dev": true,
      "dependencies": {
        "undici-types": "~6.19.8"
      }
    },
    "node_modules/@types/uuid": {
      "version": "10.0.0",
      "resolved": "https://registry.npmjs.org/@types/uuid/-/uuid-10.0.0.tgz",
      "integrity": "sha512-7gqG38EyHgyP1S+7+xomFtL+ZNHcKv6DwNaCZmJmo1vgMugyF3TCnXVg4t1uk89mLNwnLtnY3TpOpCOyp1/xHQ==",
      "dev": true
    },
    "node_modules/dotenv": {
      "version": "16.4.5",
      "resolved": "https://registry.npmjs.org/dotenv/-/dotenv-16.4.5.tgz",
      "integrity": "sha512-ZmdL2rui+eB2YwhsWzjInR8LldtZHGDoQ1ugH85ppHKwpUHL7j7rN0Ti9NCnGiQbhaZ11FpR+7ao1dNsmduNUg==",
      "engines": {
        "node": ">=12"
      },
      "funding": {
        "url": "https://dotenvx.com"
      }
    },
    "node_modules/fsevents": {
      "version": "2.3.2",
      "resolved": "https://registry.npmjs.org/fsevents/-/fsevents-2.3.2.tgz",
      "integrity": "sha512-xiqMQR4xAeHTuB9uWm+fFRcIOgKBMiOBP+eXiyT7jsgVCq1bkVygt00oASowB7EdtpOHaaPgKt812P9ab+DDKA==",
      "dev": true,
      "hasInstallScript": true,
      "optional": true,
      "os": [
        "darwin"
      ],
      "engines": {
        "node": "^8.16.0 || ^10.6.0 || >=11.0.0"
      }
    },
    "node_modules/lodash": {
      "version": "4.17.21",
      "resolved": "https://registry.npmjs.org/lodash/-/lodash-4.17.21.tgz",
      "integrity": "sha512-v2kDEe57lecTulaDIuNTPy3Ry4gLGJ6Z1O3vE1krgXZNrsQ+LFTGHVxVjcXPs17LhbZVGedAJv8XZ1tvj5FvSg=="
    },
    "node_modules/playwright": {
      "version": "1.48.2",
      "resolved": "https://registry.npmjs.org/playwright/-/playwright-1.48.2.tgz",
      "integrity": "sha512-NjYvYgp4BPmiwfe31j4gHLa3J7bD2WiBz8Lk2RoSsmX38SVIARZ18VYjxLjAcDsAhA+F4iSEXTSGgjua0rrlgQ==",
      "dev": true,
      "dependencies": {
        "playwright-core": "1.48.2"
      },
      "bin": {
        "playwright": "cli.js"
      },
      "engines": {
        "node": ">=18"
      },
      "optionalDependencies": {
        "fsevents": "2.3.2"
      }
    },
    "node_modules/playwright-core": {
      "version": "1.48.2",
      "resolved": "https://registry.npmjs.org/playwright-core/-/playwright-core-1.48.2.tgz",
      "integrity": "sha512-sjjw+qrLFlriJo64du+EK0kJgZzoQPsabGF4lBvsid+3CNIZIYLgnMj9V6JY5VhM2Peh20DJWIVpVljLLnlawA==",
      "dev": true,
      "bin": {
        "playwright-core": "cli.js"
      },
      "engines": {
        "node": ">=18"
      }
    },
    "node_modules/undici-types": {
      "version": "6.19.8",
      "resolved": "https://registry.npmjs.org/undici-types/-/undici-types-6.19.8.tgz",
      "integrity": "sha512-ve2KP6f/JnbPBFyobGHuerC9g1FYGn/F8n1LWTwNxCEzd6IfqTwUQcNXgEtmmQ6DlRrC1hrSrBnCZPokRrDHjw==",
      "dev": true
    },
    "node_modules/uuid": {
      "version": "11.0.2",
      "resolved": "https://registry.npmjs.org/uuid/-/uuid-11.0.2.tgz",
      "integrity": "sha512-14FfcOJmqdjbBPdDjFQyk/SdT4NySW4eM0zcG+HqbHP5jzuH56xO3J1DGhgs/cEMCfwYi3HQI1gnTO62iaG+tQ==",
      "funding": [
        "https://github.com/sponsors/broofa",
        "https://github.com/sponsors/ctavan"
      ],
      "bin": {
        "uuid": "dist/esm/bin/uuid"
      }
    }
  }
}
